version = 1
revision = 2
requires-python = ">=3.13"

[[package]]
name = "awscli-local"
version = "0.22.2"
source = { registry = "https://pypi.org/simple" }
dependencies = [
    { name = "localstack-client" },
]
sdist = { url = "https://files.pythonhosted.org/packages/7a/71/591a30da6819c96deca2286f145d5982e73b11e7f657e8cbfc5e003ca73f/awscli_local-0.22.2.tar.gz", hash = "sha256:07c532c372753bf5f15426451dc91d6eec9de8779748049329a9a882bdac8a0b", size = 11695, upload-time = "2025-08-07T06:07:49.133Z" }
wheels = [
    { url = "https://files.pythonhosted.org/packages/13/80/6cb86812f8418b0464fc3418e78826d8fc99342848fdb82e7f576add1c1f/awscli_local-0.22.2-py3-none-any.whl", hash = "sha256:1901ebef343ba8cbde06f9f6406b5415ef53e93296718c2c31c9d49b0b09bd9d", size = 12280, upload-time = "2025-08-07T06:07:47.624Z" },
]

[[package]]
name = "boto3"
version = "1.40.22"
source = { registry = "https://pypi.org/simple" }
dependencies = [
    { name = "botocore" },
    { name = "jmespath" },
    { name = "s3transfer" },
]
sdist = { url = "https://files.pythonhosted.org/packages/2c/8f/5ba068d4f17b933e35a565b08c6cc39de3bfe710e46f1144d406f22a1912/boto3-1.40.22.tar.gz", hash = "sha256:9972752b50fd376576a6e04a7d6afc69762a368f29b85314598edb62c1894663", size = 111503, upload-time = "2025-09-02T19:20:05.182Z" }
wheels = [
    { url = "https://files.pythonhosted.org/packages/6a/74/9485ad3fe6b181f6cf7d0db99642aa80f4a07a4fa144b90ee925c416b08d/boto3-1.40.22-py3-none-any.whl", hash = "sha256:ecc468266a018f77869fd9cc3564500c3c1b658eb6d8e20351ec88cc06258dbf", size = 139321, upload-time = "2025-09-02T19:20:03.099Z" },
]

[[package]]
name = "botocore"
version = "1.40.22"
source = { registry = "https://pypi.org/simple" }
dependencies = [
    { name = "jmespath" },
    { name = "python-dateutil" },
    { name = "urllib3" },
]
sdist = { url = "https://files.pythonhosted.org/packages/14/bd/e5fbf58d3624569eedce5b3cc9a842cca62ffa6d0248af556aa80e8d949a/botocore-1.40.22.tar.gz", hash = "sha256:eb800ece2cd67777ebb09a67a0d1628db3aea4f2ccbf1d8bf7dbf8504d1f3b71", size = 14322982, upload-time = "2025-09-02T19:19:53.793Z" }
wheels = [
    { url = "https://files.pythonhosted.org/packages/cc/d7/ff5d21333f317ef62af208648d1035ad83ffb2b00797633ddcb64ba5beaa/botocore-1.40.22-py3-none-any.whl", hash = "sha256:df50788fc71250dd884a4e2b60931103416bfba5baa85d2e150b8434ded7e61e", size = 13995959, upload-time = "2025-09-02T19:19:48.519Z" },
]

[[package]]
name = "data-engineer-challenge-master"
version = "0.1.0"
source = { virtual = "." }
dependencies = [
    { name = "awscli-local" },
    { name = "boto3" },
    { name = "terraform-local" },
]

[package.metadata]
requires-dist = [
    { name = "awscli-local", specifier = ">=0.22.2" },
    { name = "boto3", specifier = ">=1.40.22" },
    { name = "terraform-local", specifier = ">=0.24.1" },
]

[[package]]
name = "jmespath"
version = "1.0.1"
source = { registry = "https://pypi.org/simple" }
sdist = { url = "https://files.pythonhosted.org/packages/00/2a/e867e8531cf3e36b41201936b7fa7ba7b5702dbef42922193f05c8976cd6/jmespath-1.0.1.tar.gz", hash = "sha256:90261b206d6defd58fdd5e85f478bf633a2901798906be2ad389150c5c60edbe", size = 25843, upload-time = "2022-06-17T18:00:12.224Z" }
wheels = [
    { url = "https://files.pythonhosted.org/packages/31/b4/b9b800c45527aadd64d5b442f9b932b00648617eb5d63d2c7a6587b7cafc/jmespath-1.0.1-py3-none-any.whl", hash = "sha256:02e2e4cc71b5bcab88332eebf907519190dd9e6e82107fa7f83b1003a6252980", size = 20256, upload-time = "2022-06-17T18:00:10.251Z" },
]

[[package]]
name = "lark"
version = "1.2.2"
source = { registry = "https://pypi.org/simple" }
sdist = { url = "https://files.pythonhosted.org/packages/af/60/bc7622aefb2aee1c0b4ba23c1446d3e30225c8770b38d7aedbfb65ca9d5a/lark-1.2.2.tar.gz", hash = "sha256:ca807d0162cd16cef15a8feecb862d7319e7a09bdb13aef927968e45040fed80", size = 252132, upload-time = "2024-08-13T19:49:00.652Z" }
wheels = [
    { url = "https://files.pythonhosted.org/packages/2d/00/d90b10b962b4277f5e64a78b6609968859ff86889f5b898c1a778c06ec00/lark-1.2.2-py3-none-any.whl", hash = "sha256:c2276486b02f0f1b90be155f2c8ba4a8e194d42775786db622faccd652d8e80c", size = 111036, upload-time = "2024-08-13T19:48:58.603Z" },
]

[[package]]
name = "localstack-client"
version = "2.10"
source = { registry = "https://pypi.org/simple" }
dependencies = [
    { name = "boto3" },
]
sdist = { url = "https://files.pythonhosted.org/packages/22/11/4f10b87d634edd616d8063dd0ed1193be747e524e28801f826d72828b98f/localstack_client-2.10.tar.gz", hash = "sha256:732a07e23fffd6a581af2714bbe006ad6f884ac4f8ac955211a8a63321cdc409", size = 11302, upload-time = "2025-04-02T12:10:57.554Z" }

[[package]]
name = "packaging"
version = "25.0"
source = { registry = "https://pypi.org/simple" }
sdist = { url = "https://files.pythonhosted.org/packages/a1/d4/1fc4078c65507b51b96ca8f8c3ba19e6a61c8253c72794544580a7b6c24d/packaging-25.0.tar.gz", hash = "sha256:d443872c98d677bf60f6a1f2f8c1cb748e8fe762d2bf9d3148b5599295b0fc4f", size = 165727, upload-time = "2025-04-19T11:48:59.673Z" }
wheels = [
    { url = "https://files.pythonhosted.org/packages/20/12/38679034af332785aac8774540895e234f4d07f7545804097de4b666afd8/packaging-25.0-py3-none-any.whl", hash = "sha256:29572ef2b1f17581046b3a2227d5c611fb25ec70ca1ba8554b24b0e69331a484", size = 66469, upload-time = "2025-04-19T11:48:57.875Z" },
]

[[package]]
name = "python-dateutil"
version = "2.9.0.post0"
source = { registry = "https://pypi.org/simple" }
dependencies = [
    { name = "six" },
]
sdist = { url = "https://files.pythonhosted.org/packages/66/c0/0c8b6ad9f17a802ee498c46e004a0eb49bc148f2fd230864601a86dcf6db/python-dateutil-2.9.0.post0.tar.gz", hash = "sha256:37dd54208da7e1cd875388217d5e00ebd4179249f90fb72437e91a35459a0ad3", size = 342432, upload-time = "2024-03-01T18:36:20.211Z" }
wheels = [
    { url = "https://files.pythonhosted.org/packages/ec/57/56b9bcc3c9c6a792fcbaf139543cee77261f3651ca9da0c93f5c1221264b/python_dateutil-2.9.0.post0-py2.py3-none-any.whl", hash = "sha256:a8b2bc7bffae282281c8140a97d3aa9c14da0b136dfe83f850eea9a5f7470427", size = 229892, upload-time = "2024-03-01T18:36:18.57Z" },
]

[[package]]
name = "python-hcl2"
version = "7.3.1"
source = { registry = "https://pypi.org/simple" }
dependencies = [
    { name = "lark" },
    { name = "regex" },
]
sdist = { url = "https://files.pythonhosted.org/packages/50/8e/f82ed407a10c2dd4228ff0fceec8a16dd6a9191a2ed119233c04dccf2ca4/python_hcl2-7.3.1.tar.gz", hash = "sha256:f8f55583703daf7bbcb595a33c68de891064d565974ea39998b81d15a4c4657b", size = 35352, upload-time = "2025-07-24T12:33:49.883Z" }
wheels = [
    { url = "https://files.pythonhosted.org/packages/99/56/8f6418645fee59dd7a85a6e155d13ebf07608edc98965b211b0ed86ef35a/python_hcl2-7.3.1-py3-none-any.whl", hash = "sha256:6bf6036d3dffac04e05e6aa58ff6e9a3710bba2171325584dfd7b3f8c99c6d4d", size = 22426, upload-time = "2025-07-24T12:33:49.015Z" },
]

[[package]]
name = "regex"
version = "2025.9.1"
source = { registry = "https://pypi.org/simple" }
sdist = { url = "https://files.pythonhosted.org/packages/b2/5a/4c63457fbcaf19d138d72b2e9b39405954f98c0349b31c601bfcb151582c/regex-2025.9.1.tar.gz", hash = "sha256:88ac07b38d20b54d79e704e38aa3bd2c0f8027432164226bdee201a1c0c9c9ff", size = 400852, upload-time = "2025-09-01T22:10:10.479Z" }
wheels = [
    { url = "https://files.pythonhosted.org/packages/98/25/b2959ce90c6138c5142fe5264ee1f9b71a0c502ca4c7959302a749407c79/regex-2025.9.1-cp313-cp313-macosx_10_13_universal2.whl", hash = "sha256:bc6834727d1b98d710a63e6c823edf6ffbf5792eba35d3fa119531349d4142ef", size = 485932, upload-time = "2025-09-01T22:08:57.913Z" },
    { url = "https://files.pythonhosted.org/packages/49/2e/6507a2a85f3f2be6643438b7bd976e67ad73223692d6988eb1ff444106d3/regex-2025.9.1-cp313-cp313-macosx_10_13_x86_64.whl", hash = "sha256:c3dc05b6d579875719bccc5f3037b4dc80433d64e94681a0061845bd8863c025", size = 289568, upload-time = "2025-09-01T22:08:59.258Z" },
    { url = "https://files.pythonhosted.org/packages/c7/d8/de4a4b57215d99868f1640e062a7907e185ec7476b4b689e2345487c1ff4/regex-2025.9.1-cp313-cp313-macosx_11_0_arm64.whl", hash = "sha256:22213527df4c985ec4a729b055a8306272d41d2f45908d7bacb79be0fa7a75ad", size = 286984, upload-time = "2025-09-01T22:09:00.835Z" },
    { url = "https://files.pythonhosted.org/packages/03/15/e8cb403403a57ed316e80661db0e54d7aa2efcd85cb6156f33cc18746922/regex-2025.9.1-cp313-cp313-manylinux2014_aarch64.manylinux_2_17_aarch64.manylinux_2_28_aarch64.whl", hash = "sha256:8e3f6e3c5a5a1adc3f7ea1b5aec89abfc2f4fbfba55dafb4343cd1d084f715b2", size = 797514, upload-time = "2025-09-01T22:09:02.538Z" },
    { url = "https://files.pythonhosted.org/packages/e4/26/2446f2b9585fed61faaa7e2bbce3aca7dd8df6554c32addee4c4caecf24a/regex-2025.9.1-cp313-cp313-manylinux2014_ppc64le.manylinux_2_17_ppc64le.manylinux_2_28_ppc64le.whl", hash = "sha256:bcb89c02a0d6c2bec9b0bb2d8c78782699afe8434493bfa6b4021cc51503f249", size = 862586, upload-time = "2025-09-01T22:09:04.322Z" },
    { url = "https://files.pythonhosted.org/packages/fd/b8/82ffbe9c0992c31bbe6ae1c4b4e21269a5df2559102b90543c9b56724c3c/regex-2025.9.1-cp313-cp313-manylinux2014_s390x.manylinux_2_17_s390x.manylinux_2_28_s390x.whl", hash = "sha256:b0e2f95413eb0c651cd1516a670036315b91b71767af83bc8525350d4375ccba", size = 910815, upload-time = "2025-09-01T22:09:05.978Z" },
    { url = "https://files.pythonhosted.org/packages/2f/d8/7303ea38911759c1ee30cc5bc623ee85d3196b733c51fd6703c34290a8d9/regex-2025.9.1-cp313-cp313-manylinux2014_x86_64.manylinux_2_17_x86_64.manylinux_2_28_x86_64.whl", hash = "sha256:09a41dc039e1c97d3c2ed3e26523f748e58c4de3ea7a31f95e1cf9ff973fff5a", size = 802042, upload-time = "2025-09-01T22:09:07.865Z" },
    { url = "https://files.pythonhosted.org/packages/fc/0e/6ad51a55ed4b5af512bb3299a05d33309bda1c1d1e1808fa869a0bed31bc/regex-2025.9.1-cp313-cp313-musllinux_1_2_aarch64.whl", hash = "sha256:4f0b4258b161094f66857a26ee938d3fe7b8a5063861e44571215c44fbf0e5df", size = 786764, upload-time = "2025-09-01T22:09:09.362Z" },
    { url = "https://files.pythonhosted.org/packages/8d/d5/394e3ffae6baa5a9217bbd14d96e0e5da47bb069d0dbb8278e2681a2b938/regex-2025.9.1-cp313-cp313-musllinux_1_2_ppc64le.whl", hash = "sha256:bf70e18ac390e6977ea7e56f921768002cb0fa359c4199606c7219854ae332e0", size = 856557, upload-time = "2025-09-01T22:09:11.129Z" },
    { url = "https://files.pythonhosted.org/packages/cd/80/b288d3910c41194ad081b9fb4b371b76b0bbfdce93e7709fc98df27b37dc/regex-2025.9.1-cp313-cp313-musllinux_1_2_s390x.whl", hash = "sha256:b84036511e1d2bb0a4ff1aec26951caa2dea8772b223c9e8a19ed8885b32dbac", size = 849108, upload-time = "2025-09-01T22:09:12.877Z" },
    { url = "https://files.pythonhosted.org/packages/d1/cd/5ec76bf626d0d5abdc277b7a1734696f5f3d14fbb4a3e2540665bc305d85/regex-2025.9.1-cp313-cp313-musllinux_1_2_x86_64.whl", hash = "sha256:c2e05dcdfe224047f2a59e70408274c325d019aad96227ab959403ba7d58d2d7", size = 788201, upload-time = "2025-09-01T22:09:14.561Z" },
    { url = "https://files.pythonhosted.org/packages/b5/36/674672f3fdead107565a2499f3007788b878188acec6d42bc141c5366c2c/regex-2025.9.1-cp313-cp313-win32.whl", hash = "sha256:3b9a62107a7441b81ca98261808fed30ae36ba06c8b7ee435308806bd53c1ed8", size = 264508, upload-time = "2025-09-01T22:09:16.193Z" },
    { url = "https://files.pythonhosted.org/packages/83/ad/931134539515eb64ce36c24457a98b83c1b2e2d45adf3254b94df3735a76/regex-2025.9.1-cp313-cp313-win_amd64.whl", hash = "sha256:b38afecc10c177eb34cfae68d669d5161880849ba70c05cbfbe409f08cc939d7", size = 275469, upload-time = "2025-09-01T22:09:17.462Z" },
    { url = "https://files.pythonhosted.org/packages/24/8c/96d34e61c0e4e9248836bf86d69cb224fd222f270fa9045b24e218b65604/regex-2025.9.1-cp313-cp313-win_arm64.whl", hash = "sha256:ec329890ad5e7ed9fc292858554d28d58d56bf62cf964faf0aa57964b21155a0", size = 268586, upload-time = "2025-09-01T22:09:18.948Z" },
    { url = "https://files.pythonhosted.org/packages/21/b1/453cbea5323b049181ec6344a803777914074b9726c9c5dc76749966d12d/regex-2025.9.1-cp314-cp314-macosx_10_13_universal2.whl", hash = "sha256:72fb7a016467d364546f22b5ae86c45680a4e0de6b2a6f67441d22172ff641f1", size = 486111, upload-time = "2025-09-01T22:09:20.734Z" },
    { url = "https://files.pythonhosted.org/packages/f6/0e/92577f197bd2f7652c5e2857f399936c1876978474ecc5b068c6d8a79c86/regex-2025.9.1-cp314-cp314-macosx_10_13_x86_64.whl", hash = "sha256:c9527fa74eba53f98ad86be2ba003b3ebe97e94b6eb2b916b31b5f055622ef03", size = 289520, upload-time = "2025-09-01T22:09:22.249Z" },
    { url = "https://files.pythonhosted.org/packages/af/c6/b472398116cca7ea5a6c4d5ccd0fc543f7fd2492cb0c48d2852a11972f73/regex-2025.9.1-cp314-cp314-macosx_11_0_arm64.whl", hash = "sha256:c905d925d194c83a63f92422af7544ec188301451b292c8b487f0543726107ca", size = 287215, upload-time = "2025-09-01T22:09:23.657Z" },
    { url = "https://files.pythonhosted.org/packages/cf/11/f12ecb0cf9ca792a32bb92f758589a84149017467a544f2f6bfb45c0356d/regex-2025.9.1-cp314-cp314-manylinux2014_aarch64.manylinux_2_17_aarch64.manylinux_2_28_aarch64.whl", hash = "sha256:74df7c74a63adcad314426b1f4ea6054a5ab25d05b0244f0c07ff9ce640fa597", size = 797855, upload-time = "2025-09-01T22:09:25.197Z" },
    { url = "https://files.pythonhosted.org/packages/46/88/bbb848f719a540fb5997e71310f16f0b33a92c5d4b4d72d4311487fff2a3/regex-2025.9.1-cp314-cp314-manylinux2014_ppc64le.manylinux_2_17_ppc64le.manylinux_2_28_ppc64le.whl", hash = "sha256:4f6e935e98ea48c7a2e8be44494de337b57a204470e7f9c9c42f912c414cd6f5", size = 863363, upload-time = "2025-09-01T22:09:26.705Z" },
    { url = "https://files.pythonhosted.org/packages/54/a9/2321eb3e2838f575a78d48e03c1e83ea61bd08b74b7ebbdeca8abc50fc25/regex-2025.9.1-cp314-cp314-manylinux2014_s390x.manylinux_2_17_s390x.manylinux_2_28_s390x.whl", hash = "sha256:4a62d033cd9ebefc7c5e466731a508dfabee827d80b13f455de68a50d3c2543d", size = 910202, upload-time = "2025-09-01T22:09:28.906Z" },
    { url = "https://files.pythonhosted.org/packages/33/07/d1d70835d7d11b7e126181f316f7213c4572ecf5c5c97bdbb969fb1f38a2/regex-2025.9.1-cp314-cp314-manylinux2014_x86_64.manylinux_2_17_x86_64.manylinux_2_28_x86_64.whl", hash = "sha256:ef971ebf2b93bdc88d8337238be4dfb851cc97ed6808eb04870ef67589415171", size = 801808, upload-time = "2025-09-01T22:09:30.733Z" },
    { url = "https://files.pythonhosted.org/packages/13/d1/29e4d1bed514ef2bf3a4ead3cb8bb88ca8af94130239a4e68aa765c35b1c/regex-2025.9.1-cp314-cp314-musllinux_1_2_aarch64.whl", hash = "sha256:d936a1db208bdca0eca1f2bb2c1ba1d8370b226785c1e6db76e32a228ffd0ad5", size = 786824, upload-time = "2025-09-01T22:09:32.61Z" },
    { url = "https://files.pythonhosted.org/packages/33/27/20d8ccb1bee460faaa851e6e7cc4cfe852a42b70caa1dca22721ba19f02f/regex-2025.9.1-cp314-cp314-musllinux_1_2_ppc64le.whl", hash = "sha256:7e786d9e4469698fc63815b8de08a89165a0aa851720eb99f5e0ea9d51dd2b6a", size = 857406, upload-time = "2025-09-01T22:09:34.117Z" },
    { url = "https://files.pythonhosted.org/packages/74/fe/60c6132262dc36430d51e0c46c49927d113d3a38c1aba6a26c7744c84cf3/regex-2025.9.1-cp314-cp314-musllinux_1_2_s390x.whl", hash = "sha256:6b81d7dbc5466ad2c57ce3a0ddb717858fe1a29535c8866f8514d785fdb9fc5b", size = 848593, upload-time = "2025-09-01T22:09:35.598Z" },
    { url = "https://files.pythonhosted.org/packages/cc/ae/2d4ff915622fabbef1af28387bf71e7f2f4944a348b8460d061e85e29bf0/regex-2025.9.1-cp314-cp314-musllinux_1_2_x86_64.whl", hash = "sha256:cd4890e184a6feb0ef195338a6ce68906a8903a0f2eb7e0ab727dbc0a3156273", size = 787951, upload-time = "2025-09-01T22:09:37.139Z" },
    { url = "https://files.pythonhosted.org/packages/85/37/dc127703a9e715a284cc2f7dbdd8a9776fd813c85c126eddbcbdd1ca5fec/regex-2025.9.1-cp314-cp314-win32.whl", hash = "sha256:34679a86230e46164c9e0396b56cab13c0505972343880b9e705083cc5b8ec86", size = 269833, upload-time = "2025-09-01T22:09:39.245Z" },
    { url = "https://files.pythonhosted.org/packages/83/bf/4bed4d3d0570e16771defd5f8f15f7ea2311edcbe91077436d6908956c4a/regex-2025.9.1-cp314-cp314-win_amd64.whl", hash = "sha256:a1196e530a6bfa5f4bde029ac5b0295a6ecfaaffbfffede4bbaf4061d9455b70", size = 278742, upload-time = "2025-09-01T22:09:40.651Z" },
    { url = "https://files.pythonhosted.org/packages/cf/3e/7d7ac6fd085023312421e0d69dfabdfb28e116e513fadbe9afe710c01893/regex-2025.9.1-cp314-cp314-win_arm64.whl", hash = "sha256:f46d525934871ea772930e997d577d48c6983e50f206ff7b66d4ac5f8941e993", size = 271860, upload-time = "2025-09-01T22:09:42.413Z" },
]

[[package]]
name = "s3transfer"
version = "0.13.1"
source = { registry = "https://pypi.org/simple" }
dependencies = [
    { name = "botocore" },
]
sdist = { url = "https://files.pythonhosted.org/packages/6d/05/d52bf1e65044b4e5e27d4e63e8d1579dbdec54fce685908ae09bc3720030/s3transfer-0.13.1.tar.gz", hash = "sha256:c3fdba22ba1bd367922f27ec8032d6a1cf5f10c934fb5d68cf60fd5a23d936cf", size = 150589, upload-time = "2025-07-18T19:22:42.31Z" }
wheels = [
    { url = "https://files.pythonhosted.org/packages/6d/4f/d073e09df851cfa251ef7840007d04db3293a0482ce607d2b993926089be/s3transfer-0.13.1-py3-none-any.whl", hash = "sha256:a981aa7429be23fe6dfc13e80e4020057cbab622b08c0315288758d67cabc724", size = 85308, upload-time = "2025-07-18T19:22:40.947Z" },
]

[[package]]
name = "six"
version = "1.17.0"
source = { registry = "https://pypi.org/simple" }
sdist = { url = "https://files.pythonhosted.org/packages/94/e7/b2c673351809dca68a0e064b6af791aa332cf192da575fd474ed7d6f16a2/six-1.17.0.tar.gz", hash = "sha256:ff70335d468e7eb6ec65b95b99d3a2836546063f63acc5171de367e834932a81", size = 34031, upload-time = "2024-12-04T17:35:28.174Z" }
wheels = [
    { url = "https://files.pythonhosted.org/packages/b7/ce/149a00dd41f10bc29e5921b496af8b574d8413afcd5e30dfa0ed46c2cc5e/six-1.17.0-py2.py3-none-any.whl", hash = "sha256:4721f391ed90541fddacab5acf947aa0d3dc7d27b2e1e8eda2be8970586c3274", size = 11050, upload-time = "2024-12-04T17:35:26.475Z" },
]

[[package]]
name = "terraform-local"
version = "0.24.1"
source = { registry = "https://pypi.org/simple" }
dependencies = [
    { name = "localstack-client" },
    { name = "packaging" },
    { name = "python-hcl2" },
]
sdist = { url = "https://files.pythonhosted.org/packages/06/8a/61237cd8b95d41f2e997fee78f1a05fd3f5e65845cfe7aae9362a9d28022/terraform_local-0.24.1.tar.gz", hash = "sha256:2cfaeb283a1753083f3f59be1a2e08d225286913633694d695b04bba9913ae91", size = 23104, upload-time = "2025-07-24T07:10:21.927Z" }
wheels = [
    { url = "https://files.pythonhosted.org/packages/c4/e2/4a636ca3a9ec619de9c4fd1bb52564fe886a29fe7ccb1b92011589a70737/terraform_local-0.24.1-py3-none-any.whl", hash = "sha256:159115b60851fd491d4e5037017078ad5e8d87d0f514a00c98d838ad8dab12a6", size = 16454, upload-time = "2025-07-24T07:20:25.847Z" },
]

[[package]]
name = "urllib3"
version = "2.5.0"
source = { registry = "https://pypi.org/simple" }
sdist = { url = "https://files.pythonhosted.org/packages/15/22/9ee70a2574a4f4599c47dd506532914ce044817c7752a79b6a51286319bc/urllib3-2.5.0.tar.gz", hash = "sha256:3fc47733c7e419d4bc3f6b3dc2b4f890bb743906a30d56ba4a5bfa4bbff92760", size = 393185, upload-time = "2025-06-18T14:07:41.644Z" }
wheels = [
    { url = "https://files.pythonhosted.org/packages/a7/c2/fe1e52489ae3122415c51f387e221dd0773709bad6c6cdaa599e8a2c5185/urllib3-2.5.0-py3-none-any.whl", hash = "sha256:e6b01673c0fa6a13e374b50871808eb3bf7046c4b125b216f6bf1cc604cff0dc", size = 129795, upload-time = "2025-06-18T14:07:40.39Z" },
]
